
Microsoft Visual Studio Solution File, Format Version 11.00
# Visual Studio 2010
Project("{FAE04EC0-301F-11D3-BF4B-00C04F79EFBC}") = "CestLaVie.Repository.Storage.NHibernate", "CestLaVie.Repository.Storage.NHibernate\CestLaVie.Repository.Storage.NHibernate.csproj", "{C6D640D4-0EFE-40C9-ADA7-94E0D50B3700}"
EndProject
Project("{FAE04EC0-301F-11D3-BF4B-00C04F79EFBC}") = "CestLaVie.Model", "CestLaVie.Model\CestLaVie.Model.csproj", "{C2846237-16AB-4B48-B708-CE4EEE738290}"
EndProject
Project("{FAE04EC0-301F-11D3-BF4B-00C04F79EFBC}") = "CestLaVie.Repository", "CestLaVie.Repository\CestLaVie.Repository.csproj", "{61352F60-19C8-457F-9624-7DCF6A2A82BD}"
EndProject
Project("{FAE04EC0-301F-11D3-BF4B-00C04F79EFBC}") = "CestLaVie.Common", "CestLaVie.Common\CestLaVie.Common.csproj", "{FF5F7436-EEBC-431F-83F0-6130BFB64F1D}"
EndProject
Project("{2150E333-8FDC-42A3-9474-1A3956D46DE8}") = "DB", "DB", "{7FC1EABE-5063-4F64-ACA3-8F7C749AC9E6}"
	ProjectSection(SolutionItems) = preProject
		CestLaVie.DB\cestlavie.sqlite = CestLaVie.DB\cestlavie.sqlite
	EndProjectSection
EndProject
Project("{2150E333-8FDC-42A3-9474-1A3956D46DE8}") = "Test", "Test", "{CE49B679-906D-4E96-86FA-CAFE70980D28}"
EndProject
Project("{FAE04EC0-301F-11D3-BF4B-00C04F79EFBC}") = "CestLaVie.Repository.Storage.NHibernate.Test", "CestLaVie.Repository.Storage.NHibernate.Test\CestLaVie.Repository.Storage.NHibernate.Test.csproj", "{716BE5B5-09B2-4312-A42C-CEC10A7C0622}"
EndProject
Global
	GlobalSection(SolutionConfigurationPlatforms) = preSolution
		Debug|Any CPU = Debug|Any CPU
		Release|Any CPU = Release|Any CPU
	EndGlobalSection
	GlobalSection(ProjectConfigurationPlatforms) = postSolution
		{C6D640D4-0EFE-40C9-ADA7-94E0D50B3700}.Debug|Any CPU.ActiveCfg = Debug|Any CPU
		{C6D640D4-0EFE-40C9-ADA7-94E0D50B3700}.Debug|Any CPU.Build.0 = Debug|Any CPU
		{C6D640D4-0EFE-40C9-ADA7-94E0D50B3700}.Release|Any CPU.ActiveCfg = Release|Any CPU
		{C6D640D4-0EFE-40C9-ADA7-94E0D50B3700}.Release|Any CPU.Build.0 = Release|Any CPU
		{C2846237-16AB-4B48-B708-CE4EEE738290}.Debug|Any CPU.ActiveCfg = Debug|Any CPU
		{C2846237-16AB-4B48-B708-CE4EEE738290}.Debug|Any CPU.Build.0 = Debug|Any CPU
		{C2846237-16AB-4B48-B708-CE4EEE738290}.Release|Any CPU.ActiveCfg = Release|Any CPU
		{C2846237-16AB-4B48-B708-CE4EEE738290}.Release|Any CPU.Build.0 = Release|Any CPU
		{61352F60-19C8-457F-9624-7DCF6A2A82BD}.Debug|Any CPU.ActiveCfg = Debug|Any CPU
		{61352F60-19C8-457F-9624-7DCF6A2A82BD}.Debug|Any CPU.Build.0 = Debug|Any CPU
		{61352F60-19C8-457F-9624-7DCF6A2A82BD}.Release|Any CPU.ActiveCfg = Release|Any CPU
		{61352F60-19C8-457F-9624-7DCF6A2A82BD}.Release|Any CPU.Build.0 = Release|Any CPU
		{FF5F7436-EEBC-431F-83F0-6130BFB64F1D}.Debug|Any CPU.ActiveCfg = Debug|Any CPU
		{FF5F7436-EEBC-431F-83F0-6130BFB64F1D}.Debug|Any CPU.Build.0 = Debug|Any CPU
		{FF5F7436-EEBC-431F-83F0-6130BFB64F1D}.Release|Any CPU.ActiveCfg = Release|Any CPU
		{FF5F7436-EEBC-431F-83F0-6130BFB64F1D}.Release|Any CPU.Build.0 = Release|Any CPU
		{716BE5B5-09B2-4312-A42C-CEC10A7C0622}.Debug|Any CPU.ActiveCfg = Debug|Any CPU
		{716BE5B5-09B2-4312-A42C-CEC10A7C0622}.Debug|Any CPU.Build.0 = Debug|Any CPU
		{716BE5B5-09B2-4312-A42C-CEC10A7C0622}.Release|Any CPU.ActiveCfg = Release|Any CPU
		{716BE5B5-09B2-4312-A42C-CEC10A7C0622}.Release|Any CPU.Build.0 = Release|Any CPU
	EndGlobalSection
	GlobalSection(SolutionProperties) = preSolution
		HideSolutionNode = FALSE
	EndGlobalSection
	GlobalSection(NestedProjects) = preSolution
		{716BE5B5-09B2-4312-A42C-CEC10A7C0622} = {CE49B679-906D-4E96-86FA-CAFE70980D28}
	EndGlobalSection
	GlobalSection(ExtensibilityGlobals) = postSolution
		EnterpriseLibraryConfigurationToolBinariesPath = packages\Unity.2.1.505.2\lib\NET35
	EndGlobalSection
EndGlobal
